
Microsoft Visual Studio Solution File, Format Version 12.00
# Visual Studio Version 17
VisualStudioVersion = 17.5.33516.290
MinimumVisualStudioVersion = 10.0.40219.1
Project("{FAE04EC0-301F-11D3-BF4B-00C04F79EFBC}") = "BankAccountWpf", "WpfApp1\BankAccountWpf.csproj", "{980397EF-2E4E-4A1A-93B0-F86DFC89F87F}"
EndProject
Project("{FAE04EC0-301F-11D3-BF4B-00C04F79EFBC}") = "UnitTestProject1", "UnitTestProject1\UnitTestProject1.csproj", "{EEDE258A-E666-4C48-A7CA-91DED172B414}"
EndProject
Global
	GlobalSection(SolutionConfigurationPlatforms) = preSolution
		Debug|Any CPU = Debug|Any CPU
		Release|Any CPU = Release|Any CPU
	EndGlobalSection
	GlobalSection(ProjectConfigurationPlatforms) = postSolution
		{980397EF-2E4E-4A1A-93B0-F86DFC89F87F}.Debug|Any CPU.ActiveCfg = Debug|Any CPU
		{980397EF-2E4E-4A1A-93B0-F86DFC89F87F}.Debug|Any CPU.Build.0 = Debug|Any CPU
		{980397EF-2E4E-4A1A-93B0-F86DFC89F87F}.Release|Any CPU.ActiveCfg = Release|Any CPU
		{980397EF-2E4E-4A1A-93B0-F86DFC89F87F}.Release|Any CPU.Build.0 = Release|Any CPU
		{EEDE258A-E666-4C48-A7CA-91DED172B414}.Debug|Any CPU.ActiveCfg = Debug|Any CPU
		{EEDE258A-E666-4C48-A7CA-91DED172B414}.Debug|Any CPU.Build.0 = Debug|Any CPU
		{EEDE258A-E666-4C48-A7CA-91DED172B414}.Release|Any CPU.ActiveCfg = Release|Any CPU
		{EEDE258A-E666-4C48-A7CA-91DED172B414}.Release|Any CPU.Build.0 = Release|Any CPU
	EndGlobalSection
	GlobalSection(SolutionProperties) = preSolution
		HideSolutionNode = FALSE
	EndGlobalSection
	GlobalSection(ExtensibilityGlobals) = postSolution
		SolutionGuid = {F28B1D5E-B920-4DFB-B28B-25AC2FAB25F8}
	EndGlobalSection
EndGlobal
